<?xml version="1.0" encoding="utf-8"?>
<Project ToolsVersion="4.0" xmlns="http://schemas.microsoft.com/developer/msbuild/2003">
  <ItemGroup>
    <Filter Include="examples">
      <UniqueIdentifier>{7aadeb23-f8ea-449b-a3c5-4988d8707127}</UniqueIdentifier>
    </Filter>
    <Filter Include="input">
      <UniqueIdentifier>{b0e4090a-b5b9-4fa0-ba17-d942177c03a9}</UniqueIdentifier>
    </Filter>
    <Filter Include="output">
      <UniqueIdentifier>{86ba2329-78f4-4974-88d1-1c38426986c9}</UniqueIdentifier>
    </Filter>
    <Filter Include="src">
      <UniqueIdentifier>{4FC737F1-C7A5-4376-A066-2A32D752A2FF}</UniqueIdentifier>
      <Extensions>cpp;c;cc;cxx;c++;def;odl;idl;hpj;bat;asm;asmx</Extensions>
    </Filter>
  </ItemGroup>
  <ItemGroup>
    <ClCompile Include="TargaManipulation.cpp">
      <Filter>src</Filter>
    </ClCompile>
    <ClCompile Include="Image.cpp">
      <Filter>src</Filter>
    </ClCompile>
  </ItemGroup>
  <ItemGroup>
    <ClInclude Include="Image.h">
      <Filter>src</Filter>
    </ClInclude>
  </ItemGroup>
  <ItemGroup>
    <Image Include="examples\EXAMPLE_extracredit.tga">
      <Filter>examples</Filter>
    </Image>
    <Image Include="examples\EXAMPLE_part1.tga">
      <Filter>examples</Filter>
    </Image>
    <Image Include="examples\EXAMPLE_part2.tga">
      <Filter>examples</Filter>
    </Image>
    <Image Include="examples\EXAMPLE_part3.tga">
      <Filter>examples</Filter>
    </Image>
    <Image Include="examples\EXAMPLE_part4.tga">
      <Filter>examples</Filter>
    </Image>
    <Image Include="examples\EXAMPLE_part5.tga">
      <Filter>examples</Filter>
    </Image>
    <Image Include="examples\EXAMPLE_part6.tga">
      <Filter>examples</Filter>
    </Image>
    <Image Include="examples\EXAMPLE_part7.tga">
      <Filter>examples</Filter>
    </Image>
    <Image Include="examples\EXAMPLE_part8_b.tga">
      <Filter>examples</Filter>
    </Image>
    <Image Include="examples\EXAMPLE_part8_g.tga">
      <Filter>examples</Filter>
    </Image>
    <Image Include="examples\EXAMPLE_part8_r.tga">
      <Filter>examples</Filter>
    </Image>
    <Image Include="examples\EXAMPLE_part9.tga">
      <Filter>examples</Filter>
    </Image>
    <Image Include="examples\EXAMPLE_part10.tga">
      <Filter>examples</Filter>
    </Image>
    <Image Include="input\car.tga">
      <Filter>input</Filter>
    </Image>
    <Image Include="input\circles.tga">
      <Filter>input</Filter>
    </Image>
    <Image Include="input\layer_blue.tga">
      <Filter>input</Filter>
    </Image>
    <Image Include="input\layer_green.tga">
      <Filter>input</Filter>
    </Image>
    <Image Include="input\layer_red.tga">
      <Filter>input</Filter>
    </Image>
    <Image Include="input\layer1.tga">
      <Filter>input</Filter>
    </Image>
    <Image Include="input\layer2.tga">
      <Filter>input</Filter>
    </Image>
    <Image Include="input\pattern1.tga">
      <Filter>input</Filter>
    </Image>
    <Image Include="input\pattern2.tga">
      <Filter>input</Filter>
    </Image>
    <Image Include="input\text.tga">
      <Filter>input</Filter>
    </Image>
    <Image Include="input\text2.tga">
      <Filter>input</Filter>
    </Image>
  </ItemGroup>
</Project>